<?xml version="1.0" encoding="utf-8"?>
<Project ToolsVersion="4.0" xmlns="http://schemas.microsoft.com/developer/msbuild/2003">
  <ItemGroup>
    <Filter Include="Resource Files">
      <UniqueIdentifier>{67DA6AB6-F800-4c08-8B7A-83BB121AAD01}</UniqueIdentifier>
      <Extensions>rc;ico;cur;bmp;dlg;rc2;rct;bin;rgs;gif;jpg;jpeg;jpe;resx;tiff;tif;png;wav;mfcribbon-ms</Extensions>
    </Filter>
    <Filter Include="Components">
      <UniqueIdentifier>{e0a724a6-d01c-4e4d-89e3-a51f7d3faae2}</UniqueIdentifier>
    </Filter>
    <Filter Include="Components\Charachters">
      <UniqueIdentifier>{3a885e74-6b5b-4ed6-8a56-e74169c71807}</UniqueIdentifier>
    </Filter>
    <Filter Include="Core">
      <UniqueIdentifier>{bf246f9b-0067-4b5f-8344-028838b5f7ca}</UniqueIdentifier>
    </Filter>
    <Filter Include="Components\Level">
      <UniqueIdentifier>{5c96cc65-99db-40e3-8678-d7f92fc9e289}</UniqueIdentifier>
    </Filter>
    <Filter Include="Components\UI">
      <UniqueIdentifier>{5fe33a8b-8a47-405e-b2a4-e3bd15233df8}</UniqueIdentifier>
    </Filter>
  </ItemGroup>
  <ItemGroup>
    <ClCompile Include="main.cpp">
      <Filter>Core</Filter>
    </ClCompile>
    <ClCompile Include="BurgerTimePCH.cpp">
      <Filter>Core</Filter>
    </ClCompile>
    <ClCompile Include="PeterPepper.cpp">
      <Filter>Components\Charachters</Filter>
    </ClCompile>
    <ClCompile Include="MrHotDog.cpp">
      <Filter>Components\Charachters</Filter>
    </ClCompile>
    <ClCompile Include="LadderComponent.cpp">
      <Filter>Components\Level</Filter>
    </ClCompile>
    <ClCompile Include="WalkingPlatformComponent.cpp">
      <Filter>Components\Level</Filter>
    </ClCompile>
    <ClCompile Include="MovementComponent.cpp">
      <Filter>Components</Filter>
    </ClCompile>
    <ClCompile Include="HiScoreComponent.cpp">
      <Filter>Components\UI</Filter>
    </ClCompile>
    <ClCompile Include="LivesComponent.cpp">
      <Filter>Components\UI</Filter>
    </ClCompile>
    <ClCompile Include="PepperCountComponent.cpp">
      <Filter>Components\UI</Filter>
    </ClCompile>
    <ClCompile Include="ScoreComponent.cpp">
      <Filter>Components\UI</Filter>
    </ClCompile>
    <ClCompile Include="PlateComponent.cpp">
      <Filter>Components\Level</Filter>
    </ClCompile>
    <ClCompile Include="IngredientComponent.cpp">
      <Filter>Components\Level</Filter>
    </ClCompile>
    <ClCompile Include="MrEgg.cpp">
      <Filter>Components\Charachters</Filter>
    </ClCompile>
    <ClCompile Include="MrPickle.cpp">
      <Filter>Components\Charachters</Filter>
    </ClCompile>
    <ClCompile Include="EnemyControllerComponent.cpp">
      <Filter>Components</Filter>
    </ClCompile>
    <ClCompile Include="PepperComponent.cpp">
      <Filter>Components</Filter>
    </ClCompile>
  </ItemGroup>
  <ItemGroup>
    <ClInclude Include="BurgerTimePCH.h">
      <Filter>Core</Filter>
    </ClInclude>
    <ClInclude Include="PeterPepper.h">
      <Filter>Components\Charachters</Filter>
    </ClInclude>
    <ClInclude Include="MrHotDog.h">
      <Filter>Components\Charachters</Filter>
    </ClInclude>
    <ClInclude Include="LadderComponent.h">
      <Filter>Components\Level</Filter>
    </ClInclude>
    <ClInclude Include="WalkingPlatformComponent.h">
      <Filter>Components\Level</Filter>
    </ClInclude>
    <ClInclude Include="MovementComponent.h">
      <Filter>Components</Filter>
    </ClInclude>
    <ClInclude Include="HiScoreComponent.h">
      <Filter>Components\UI</Filter>
    </ClInclude>
    <ClInclude Include="LivesComponent.h">
      <Filter>Components\UI</Filter>
    </ClInclude>
    <ClInclude Include="PepperCountComponent.h">
      <Filter>Components\UI</Filter>
    </ClInclude>
    <ClInclude Include="ScoreComponent.h">
      <Filter>Components\UI</Filter>
    </ClInclude>
    <ClInclude Include="PlateComponent.h">
      <Filter>Components\Level</Filter>
    </ClInclude>
    <ClInclude Include="IngredientComponent.h">
      <Filter>Components\Level</Filter>
    </ClInclude>
    <ClInclude Include="MrEgg.h">
      <Filter>Components\Charachters</Filter>
    </ClInclude>
    <ClInclude Include="MrPickle.h">
      <Filter>Components\Charachters</Filter>
    </ClInclude>
    <ClInclude Include="EnemyControllerComponent.h">
      <Filter>Components</Filter>
    </ClInclude>
    <ClInclude Include="BurgerTimeCommands.h">
      <Filter>Core</Filter>
    </ClInclude>
    <ClInclude Include="Enums.h">
      <Filter>Core</Filter>
    </ClInclude>
    <ClInclude Include="PepperComponent.h">
      <Filter>Components</Filter>
    </ClInclude>
  </ItemGroup>
</Project>